
Microsoft Visual Studio Solution File, Format Version 12.00
# Visual Studio Version 17
VisualStudioVersion = 17.7.34031.279
MinimumVisualStudioVersion = 10.0.40219.1
Project("{FAE04EC0-301F-11D3-BF4B-00C04F79EFBC}") = "ConsoleApp1", "ConsoleApp1.csproj", "{B4B59B8F-FDEE-4CDD-93C7-616D19628FB8}"
EndProject
Global
	GlobalSection(SolutionConfigurationPlatforms) = preSolution
		Debug|Any CPU = Debug|Any CPU
		Release|Any CPU = Release|Any CPU
	EndGlobalSection
	GlobalSection(ProjectConfigurationPlatforms) = postSolution
		{B4B59B8F-FDEE-4CDD-93C7-616D19628FB8}.Debug|Any CPU.ActiveCfg = Debug|Any CPU
		{B4B59B8F-FDEE-4CDD-93C7-616D19628FB8}.Debug|Any CPU.Build.0 = Debug|Any CPU
		{B4B59B8F-FDEE-4CDD-93C7-616D19628FB8}.Release|Any CPU.ActiveCfg = Release|Any CPU
		{B4B59B8F-FDEE-4CDD-93C7-616D19628FB8}.Release|Any CPU.Build.0 = Release|Any CPU
	EndGlobalSection
	GlobalSection(SolutionProperties) = preSolution
		HideSolutionNode = FALSE
	EndGlobalSection
	GlobalSection(ExtensibilityGlobals) = postSolution
		SolutionGuid = {902CBBC4-0073-4FD7-883A-063B4449E321}
	EndGlobalSection
EndGlobal
