
Microsoft Visual Studio Solution File, Format Version 12.00
# Visual Studio Version 17
VisualStudioVersion = 17.7.34031.279
MinimumVisualStudioVersion = 10.0.40219.1
Project("{FAE04EC0-301F-11D3-BF4B-00C04F79EFBC}") = "GenericosRestricciones", "GenericosRestricciones.csproj", "{0668BE16-961C-4F40-8F58-E1FD980FE143}"
EndProject
Global
	GlobalSection(SolutionConfigurationPlatforms) = preSolution
		Debug|Any CPU = Debug|Any CPU
		Release|Any CPU = Release|Any CPU
	EndGlobalSection
	GlobalSection(ProjectConfigurationPlatforms) = postSolution
		{0668BE16-961C-4F40-8F58-E1FD980FE143}.Debug|Any CPU.ActiveCfg = Debug|Any CPU
		{0668BE16-961C-4F40-8F58-E1FD980FE143}.Debug|Any CPU.Build.0 = Debug|Any CPU
		{0668BE16-961C-4F40-8F58-E1FD980FE143}.Release|Any CPU.ActiveCfg = Release|Any CPU
		{0668BE16-961C-4F40-8F58-E1FD980FE143}.Release|Any CPU.Build.0 = Release|Any CPU
	EndGlobalSection
	GlobalSection(SolutionProperties) = preSolution
		HideSolutionNode = FALSE
	EndGlobalSection
	GlobalSection(ExtensibilityGlobals) = postSolution
		SolutionGuid = {F174E94B-92F8-40E3-A832-0FEEB081BFCC}
	EndGlobalSection
EndGlobal
