
Microsoft Visual Studio Solution File, Format Version 12.00
# Visual Studio Version 17
VisualStudioVersion = 17.7.34031.279
MinimumVisualStudioVersion = 10.0.40219.1
Project("{FAE04EC0-301F-11D3-BF4B-00C04F79EFBC}") = "Challenge", "Challenge.csproj", "{0B6AF667-4482-4569-86D4-A4BAB809D7FA}"
EndProject
Global
	GlobalSection(SolutionConfigurationPlatforms) = preSolution
		Debug|Any CPU = Debug|Any CPU
		Release|Any CPU = Release|Any CPU
	EndGlobalSection
	GlobalSection(ProjectConfigurationPlatforms) = postSolution
		{0B6AF667-4482-4569-86D4-A4BAB809D7FA}.Debug|Any CPU.ActiveCfg = Debug|Any CPU
		{0B6AF667-4482-4569-86D4-A4BAB809D7FA}.Debug|Any CPU.Build.0 = Debug|Any CPU
		{0B6AF667-4482-4569-86D4-A4BAB809D7FA}.Release|Any CPU.ActiveCfg = Release|Any CPU
		{0B6AF667-4482-4569-86D4-A4BAB809D7FA}.Release|Any CPU.Build.0 = Release|Any CPU
	EndGlobalSection
	GlobalSection(SolutionProperties) = preSolution
		HideSolutionNode = FALSE
	EndGlobalSection
	GlobalSection(ExtensibilityGlobals) = postSolution
		SolutionGuid = {DD607A3D-8D0D-4D10-893E-79F9BAD25F23}
	EndGlobalSection
EndGlobal
