
Microsoft Visual Studio Solution File, Format Version 12.00
# Visual Studio Version 17
VisualStudioVersion = 17.8.34408.163
MinimumVisualStudioVersion = 10.0.40219.1
Project("{9A19103F-16F7-4668-BE54-9A1E7A4F7556}") = "Starter", "Starter.csproj", "{79243826-F4E6-4CF3-A99D-5C432062A4AC}"
EndProject
Global
	GlobalSection(SolutionConfigurationPlatforms) = preSolution
		Debug|Any CPU = Debug|Any CPU
		Release|Any CPU = Release|Any CPU
	EndGlobalSection
	GlobalSection(ProjectConfigurationPlatforms) = postSolution
		{79243826-F4E6-4CF3-A99D-5C432062A4AC}.Debug|Any CPU.ActiveCfg = Debug|Any CPU
		{79243826-F4E6-4CF3-A99D-5C432062A4AC}.Debug|Any CPU.Build.0 = Debug|Any CPU
		{79243826-F4E6-4CF3-A99D-5C432062A4AC}.Release|Any CPU.ActiveCfg = Release|Any CPU
		{79243826-F4E6-4CF3-A99D-5C432062A4AC}.Release|Any CPU.Build.0 = Release|Any CPU
	EndGlobalSection
	GlobalSection(SolutionProperties) = preSolution
		HideSolutionNode = FALSE
	EndGlobalSection
	GlobalSection(ExtensibilityGlobals) = postSolution
		SolutionGuid = {7C0912FB-4457-4A24-8AC6-039759F0EB1C}
	EndGlobalSection
EndGlobal
