
Microsoft Visual Studio Solution File, Format Version 12.00
# Visual Studio Version 17
VisualStudioVersion = 17.8.34408.163
MinimumVisualStudioVersion = 10.0.40219.1
Project("{9A19103F-16F7-4668-BE54-9A1E7A4F7556}") = "Starter", "Starter.csproj", "{C39FEDEB-D5FA-476D-806A-EEB3672E6A78}"
EndProject
Global
	GlobalSection(SolutionConfigurationPlatforms) = preSolution
		Debug|Any CPU = Debug|Any CPU
		Release|Any CPU = Release|Any CPU
	EndGlobalSection
	GlobalSection(ProjectConfigurationPlatforms) = postSolution
		{C39FEDEB-D5FA-476D-806A-EEB3672E6A78}.Debug|Any CPU.ActiveCfg = Debug|Any CPU
		{C39FEDEB-D5FA-476D-806A-EEB3672E6A78}.Debug|Any CPU.Build.0 = Debug|Any CPU
		{C39FEDEB-D5FA-476D-806A-EEB3672E6A78}.Release|Any CPU.ActiveCfg = Release|Any CPU
		{C39FEDEB-D5FA-476D-806A-EEB3672E6A78}.Release|Any CPU.Build.0 = Release|Any CPU
	EndGlobalSection
	GlobalSection(SolutionProperties) = preSolution
		HideSolutionNode = FALSE
	EndGlobalSection
	GlobalSection(ExtensibilityGlobals) = postSolution
		SolutionGuid = {83C2DE6F-0EC9-4C48-A685-7129BD101A97}
	EndGlobalSection
EndGlobal
