
Microsoft Visual Studio Solution File, Format Version 12.00
# Visual Studio Version 17
VisualStudioVersion = 17.8.34330.188
MinimumVisualStudioVersion = 10.0.40219.1
Project("{FAE04EC0-301F-11D3-BF4B-00C04F79EFBC}") = "MiniChallenge2", "MiniChallenge2.csproj", "{8CFE0169-EA87-4282-987D-25F0E0B798CF}"
EndProject
Global
	GlobalSection(SolutionConfigurationPlatforms) = preSolution
		Debug|Any CPU = Debug|Any CPU
		Release|Any CPU = Release|Any CPU
	EndGlobalSection
	GlobalSection(ProjectConfigurationPlatforms) = postSolution
		{8CFE0169-EA87-4282-987D-25F0E0B798CF}.Debug|Any CPU.ActiveCfg = Debug|Any CPU
		{8CFE0169-EA87-4282-987D-25F0E0B798CF}.Debug|Any CPU.Build.0 = Debug|Any CPU
		{8CFE0169-EA87-4282-987D-25F0E0B798CF}.Release|Any CPU.ActiveCfg = Release|Any CPU
		{8CFE0169-EA87-4282-987D-25F0E0B798CF}.Release|Any CPU.Build.0 = Release|Any CPU
	EndGlobalSection
	GlobalSection(SolutionProperties) = preSolution
		HideSolutionNode = FALSE
	EndGlobalSection
	GlobalSection(ExtensibilityGlobals) = postSolution
		SolutionGuid = {12122E0A-2CF5-448E-9A83-01AFF5EAA053}
	EndGlobalSection
EndGlobal
